
Microsoft Visual Studio Solution File, Format Version 12.00
# Visual Studio Version 16
VisualStudioVersion = 16.0.31702.278
MinimumVisualStudioVersion = 10.0.40219.1
Project("{FAE04EC0-301F-11D3-BF4B-00C04F79EFBC}") = "ConsoleApp2", "ConsoleApp2\ConsoleApp2.csproj", "{1ABD8CD2-BA4B-475A-9A78-919762863676}"
EndProject
Global
	GlobalSection(SolutionConfigurationPlatforms) = preSolution
		Debug|Any CPU = Debug|Any CPU
		Release|Any CPU = Release|Any CPU
	EndGlobalSection
	GlobalSection(ProjectConfigurationPlatforms) = postSolution
		{1ABD8CD2-BA4B-475A-9A78-919762863676}.Debug|Any CPU.ActiveCfg = Debug|Any CPU
		{1ABD8CD2-BA4B-475A-9A78-919762863676}.Debug|Any CPU.Build.0 = Debug|Any CPU
		{1ABD8CD2-BA4B-475A-9A78-919762863676}.Release|Any CPU.ActiveCfg = Release|Any CPU
		{1ABD8CD2-BA4B-475A-9A78-919762863676}.Release|Any CPU.Build.0 = Release|Any CPU
	EndGlobalSection
	GlobalSection(SolutionProperties) = preSolution
		HideSolutionNode = FALSE
	EndGlobalSection
	GlobalSection(ExtensibilityGlobals) = postSolution
		SolutionGuid = {08CECBC1-C32F-46D5-912C-334B2755048B}
	EndGlobalSection
EndGlobal
