
Microsoft Visual Studio Solution File, Format Version 12.00
# Visual Studio Version 16
VisualStudioVersion = 16.0.31702.278
MinimumVisualStudioVersion = 10.0.40219.1
Project("{FAE04EC0-301F-11D3-BF4B-00C04F79EFBC}") = "Interface3", "Interface3\Interface3.csproj", "{78EC94EB-18B4-420D-BF91-AA8872D85EB8}"
EndProject
Global
	GlobalSection(SolutionConfigurationPlatforms) = preSolution
		Debug|Any CPU = Debug|Any CPU
		Release|Any CPU = Release|Any CPU
	EndGlobalSection
	GlobalSection(ProjectConfigurationPlatforms) = postSolution
		{78EC94EB-18B4-420D-BF91-AA8872D85EB8}.Debug|Any CPU.ActiveCfg = Debug|Any CPU
		{78EC94EB-18B4-420D-BF91-AA8872D85EB8}.Debug|Any CPU.Build.0 = Debug|Any CPU
		{78EC94EB-18B4-420D-BF91-AA8872D85EB8}.Release|Any CPU.ActiveCfg = Release|Any CPU
		{78EC94EB-18B4-420D-BF91-AA8872D85EB8}.Release|Any CPU.Build.0 = Release|Any CPU
	EndGlobalSection
	GlobalSection(SolutionProperties) = preSolution
		HideSolutionNode = FALSE
	EndGlobalSection
	GlobalSection(ExtensibilityGlobals) = postSolution
		SolutionGuid = {0581E32F-FE45-47A2-8DD7-309BB4DDDE96}
	EndGlobalSection
EndGlobal
