
Microsoft Visual Studio Solution File, Format Version 12.00
# Visual Studio Version 16
VisualStudioVersion = 16.0.31727.386
MinimumVisualStudioVersion = 10.0.40219.1
Project("{FAE04EC0-301F-11D3-BF4B-00C04F79EFBC}") = "IntefaceBasic", "IntefaceBasic\IntefaceBasic.csproj", "{25C4D80D-4074-409E-85CB-6AD804E565F9}"
EndProject
Global
	GlobalSection(SolutionConfigurationPlatforms) = preSolution
		Debug|Any CPU = Debug|Any CPU
		Release|Any CPU = Release|Any CPU
	EndGlobalSection
	GlobalSection(ProjectConfigurationPlatforms) = postSolution
		{25C4D80D-4074-409E-85CB-6AD804E565F9}.Debug|Any CPU.ActiveCfg = Debug|Any CPU
		{25C4D80D-4074-409E-85CB-6AD804E565F9}.Debug|Any CPU.Build.0 = Debug|Any CPU
		{25C4D80D-4074-409E-85CB-6AD804E565F9}.Release|Any CPU.ActiveCfg = Release|Any CPU
		{25C4D80D-4074-409E-85CB-6AD804E565F9}.Release|Any CPU.Build.0 = Release|Any CPU
	EndGlobalSection
	GlobalSection(SolutionProperties) = preSolution
		HideSolutionNode = FALSE
	EndGlobalSection
	GlobalSection(ExtensibilityGlobals) = postSolution
		SolutionGuid = {9C45F9CB-B24E-4CB2-9D52-793BE47783AB}
	EndGlobalSection
EndGlobal
