
Microsoft Visual Studio Solution File, Format Version 12.00
# Visual Studio Version 16
VisualStudioVersion = 16.0.31911.196
MinimumVisualStudioVersion = 10.0.40219.1
Project("{FAE04EC0-301F-11D3-BF4B-00C04F79EFBC}") = "ButtonCliclColorChange", "ButtonCliclColorChange\ButtonCliclColorChange.csproj", "{7ADE6598-242E-4732-85CC-DB5ABB3BC61D}"
EndProject
Global
	GlobalSection(SolutionConfigurationPlatforms) = preSolution
		Debug|Any CPU = Debug|Any CPU
		Release|Any CPU = Release|Any CPU
	EndGlobalSection
	GlobalSection(ProjectConfigurationPlatforms) = postSolution
		{7ADE6598-242E-4732-85CC-DB5ABB3BC61D}.Debug|Any CPU.ActiveCfg = Debug|Any CPU
		{7ADE6598-242E-4732-85CC-DB5ABB3BC61D}.Debug|Any CPU.Build.0 = Debug|Any CPU
		{7ADE6598-242E-4732-85CC-DB5ABB3BC61D}.Release|Any CPU.ActiveCfg = Release|Any CPU
		{7ADE6598-242E-4732-85CC-DB5ABB3BC61D}.Release|Any CPU.Build.0 = Release|Any CPU
	EndGlobalSection
	GlobalSection(SolutionProperties) = preSolution
		HideSolutionNode = FALSE
	EndGlobalSection
	GlobalSection(ExtensibilityGlobals) = postSolution
		SolutionGuid = {205CDD36-4919-44BE-95E3-65AEB9A91F43}
	EndGlobalSection
EndGlobal
