
Microsoft Visual Studio Solution File, Format Version 12.00
# Visual Studio Version 16
VisualStudioVersion = 16.0.31911.196
MinimumVisualStudioVersion = 10.0.40219.1
Project("{FAE04EC0-301F-11D3-BF4B-00C04F79EFBC}") = "WebApplication1", "WebApplication1\WebApplication1.csproj", "{0893F0D0-13AE-4FC3-AC53-76F7D28E4DDE}"
EndProject
Global
	GlobalSection(SolutionConfigurationPlatforms) = preSolution
		Debug|Any CPU = Debug|Any CPU
		Release|Any CPU = Release|Any CPU
	EndGlobalSection
	GlobalSection(ProjectConfigurationPlatforms) = postSolution
		{0893F0D0-13AE-4FC3-AC53-76F7D28E4DDE}.Debug|Any CPU.ActiveCfg = Debug|Any CPU
		{0893F0D0-13AE-4FC3-AC53-76F7D28E4DDE}.Debug|Any CPU.Build.0 = Debug|Any CPU
		{0893F0D0-13AE-4FC3-AC53-76F7D28E4DDE}.Release|Any CPU.ActiveCfg = Release|Any CPU
		{0893F0D0-13AE-4FC3-AC53-76F7D28E4DDE}.Release|Any CPU.Build.0 = Release|Any CPU
	EndGlobalSection
	GlobalSection(SolutionProperties) = preSolution
		HideSolutionNode = FALSE
	EndGlobalSection
	GlobalSection(ExtensibilityGlobals) = postSolution
		SolutionGuid = {78EB2682-AF7F-4AE5-89A6-CE068A74DF4D}
	EndGlobalSection
EndGlobal
