
Microsoft Visual Studio Solution File, Format Version 12.00
# Visual Studio Version 16
VisualStudioVersion = 16.0.31702.278
MinimumVisualStudioVersion = 10.0.40219.1
Project("{FAE04EC0-301F-11D3-BF4B-00C04F79EFBC}") = "Event1", "Event1\Event1.csproj", "{A96980DA-7C01-41B6-9284-BB57E82CDD7E}"
EndProject
Global
	GlobalSection(SolutionConfigurationPlatforms) = preSolution
		Debug|Any CPU = Debug|Any CPU
		Release|Any CPU = Release|Any CPU
	EndGlobalSection
	GlobalSection(ProjectConfigurationPlatforms) = postSolution
		{A96980DA-7C01-41B6-9284-BB57E82CDD7E}.Debug|Any CPU.ActiveCfg = Debug|Any CPU
		{A96980DA-7C01-41B6-9284-BB57E82CDD7E}.Debug|Any CPU.Build.0 = Debug|Any CPU
		{A96980DA-7C01-41B6-9284-BB57E82CDD7E}.Release|Any CPU.ActiveCfg = Release|Any CPU
		{A96980DA-7C01-41B6-9284-BB57E82CDD7E}.Release|Any CPU.Build.0 = Release|Any CPU
	EndGlobalSection
	GlobalSection(SolutionProperties) = preSolution
		HideSolutionNode = FALSE
	EndGlobalSection
	GlobalSection(ExtensibilityGlobals) = postSolution
		SolutionGuid = {E21EEC27-A944-4565-AF52-C0A90E9FA2AC}
	EndGlobalSection
EndGlobal
