
Microsoft Visual Studio Solution File, Format Version 12.00
# Visual Studio Version 16
VisualStudioVersion = 16.0.31702.278
MinimumVisualStudioVersion = 10.0.40219.1
Project("{FAE04EC0-301F-11D3-BF4B-00C04F79EFBC}") = "Graphics1", "Graphics1\Graphics1.csproj", "{C4CF2AF1-8354-4BD2-8283-4CB81C7820F8}"
EndProject
Project("{FAE04EC0-301F-11D3-BF4B-00C04F79EFBC}") = "GraphicsLib", "GraphicsLib\GraphicsLib.csproj", "{43E11016-F5EC-4EBB-9D3E-F457BB2267EE}"
EndProject
Global
	GlobalSection(SolutionConfigurationPlatforms) = preSolution
		Debug|Any CPU = Debug|Any CPU
		Release|Any CPU = Release|Any CPU
	EndGlobalSection
	GlobalSection(ProjectConfigurationPlatforms) = postSolution
		{C4CF2AF1-8354-4BD2-8283-4CB81C7820F8}.Debug|Any CPU.ActiveCfg = Debug|Any CPU
		{C4CF2AF1-8354-4BD2-8283-4CB81C7820F8}.Debug|Any CPU.Build.0 = Debug|Any CPU
		{C4CF2AF1-8354-4BD2-8283-4CB81C7820F8}.Release|Any CPU.ActiveCfg = Release|Any CPU
		{C4CF2AF1-8354-4BD2-8283-4CB81C7820F8}.Release|Any CPU.Build.0 = Release|Any CPU
		{43E11016-F5EC-4EBB-9D3E-F457BB2267EE}.Debug|Any CPU.ActiveCfg = Debug|Any CPU
		{43E11016-F5EC-4EBB-9D3E-F457BB2267EE}.Debug|Any CPU.Build.0 = Debug|Any CPU
		{43E11016-F5EC-4EBB-9D3E-F457BB2267EE}.Release|Any CPU.ActiveCfg = Release|Any CPU
		{43E11016-F5EC-4EBB-9D3E-F457BB2267EE}.Release|Any CPU.Build.0 = Release|Any CPU
	EndGlobalSection
	GlobalSection(SolutionProperties) = preSolution
		HideSolutionNode = FALSE
	EndGlobalSection
	GlobalSection(ExtensibilityGlobals) = postSolution
		SolutionGuid = {19CC8038-FA5A-451E-BE25-46A3B4042F70}
	EndGlobalSection
EndGlobal
