
Microsoft Visual Studio Solution File, Format Version 12.00
# Visual Studio Version 16
VisualStudioVersion = 16.0.31727.386
MinimumVisualStudioVersion = 10.0.40219.1
Project("{FAE04EC0-301F-11D3-BF4B-00C04F79EFBC}") = "StudentMarks1", "StudentMarks1\StudentMarks1.csproj", "{5BC7CF30-BA5A-46BB-8724-E33A3EEA17B4}"
EndProject
Global
	GlobalSection(SolutionConfigurationPlatforms) = preSolution
		Debug|Any CPU = Debug|Any CPU
		Release|Any CPU = Release|Any CPU
	EndGlobalSection
	GlobalSection(ProjectConfigurationPlatforms) = postSolution
		{5BC7CF30-BA5A-46BB-8724-E33A3EEA17B4}.Debug|Any CPU.ActiveCfg = Debug|Any CPU
		{5BC7CF30-BA5A-46BB-8724-E33A3EEA17B4}.Debug|Any CPU.Build.0 = Debug|Any CPU
		{5BC7CF30-BA5A-46BB-8724-E33A3EEA17B4}.Release|Any CPU.ActiveCfg = Release|Any CPU
		{5BC7CF30-BA5A-46BB-8724-E33A3EEA17B4}.Release|Any CPU.Build.0 = Release|Any CPU
	EndGlobalSection
	GlobalSection(SolutionProperties) = preSolution
		HideSolutionNode = FALSE
	EndGlobalSection
	GlobalSection(ExtensibilityGlobals) = postSolution
		SolutionGuid = {93A57F02-A07B-4ABD-8B89-E243492F36BA}
	EndGlobalSection
EndGlobal
