
Microsoft Visual Studio Solution File, Format Version 12.00
# Visual Studio Version 16
VisualStudioVersion = 16.0.31702.278
MinimumVisualStudioVersion = 10.0.40219.1
Project("{FAE04EC0-301F-11D3-BF4B-00C04F79EFBC}") = "Ac", "Ac\Ac.csproj", "{5EB1D93B-CBA9-4F76-B715-C8AEF45B4EE6}"
EndProject
Global
	GlobalSection(SolutionConfigurationPlatforms) = preSolution
		Debug|Any CPU = Debug|Any CPU
		Release|Any CPU = Release|Any CPU
	EndGlobalSection
	GlobalSection(ProjectConfigurationPlatforms) = postSolution
		{5EB1D93B-CBA9-4F76-B715-C8AEF45B4EE6}.Debug|Any CPU.ActiveCfg = Debug|Any CPU
		{5EB1D93B-CBA9-4F76-B715-C8AEF45B4EE6}.Debug|Any CPU.Build.0 = Debug|Any CPU
		{5EB1D93B-CBA9-4F76-B715-C8AEF45B4EE6}.Release|Any CPU.ActiveCfg = Release|Any CPU
		{5EB1D93B-CBA9-4F76-B715-C8AEF45B4EE6}.Release|Any CPU.Build.0 = Release|Any CPU
	EndGlobalSection
	GlobalSection(SolutionProperties) = preSolution
		HideSolutionNode = FALSE
	EndGlobalSection
	GlobalSection(ExtensibilityGlobals) = postSolution
		SolutionGuid = {EBC94B15-E763-43FE-8610-BE3BD80D7D9D}
	EndGlobalSection
EndGlobal
