
Microsoft Visual Studio Solution File, Format Version 12.00
# Visual Studio Version 16
VisualStudioVersion = 16.0.31729.503
MinimumVisualStudioVersion = 10.0.40219.1
Project("{FAE04EC0-301F-11D3-BF4B-00C04F79EFBC}") = "TestThreeTier", "TestThreeTier\TestThreeTier.csproj", "{21480F70-6F61-4AA2-9D2D-3AF38633B4DB}"
EndProject
Global
	GlobalSection(SolutionConfigurationPlatforms) = preSolution
		Debug|Any CPU = Debug|Any CPU
		Release|Any CPU = Release|Any CPU
	EndGlobalSection
	GlobalSection(ProjectConfigurationPlatforms) = postSolution
		{21480F70-6F61-4AA2-9D2D-3AF38633B4DB}.Debug|Any CPU.ActiveCfg = Debug|Any CPU
		{21480F70-6F61-4AA2-9D2D-3AF38633B4DB}.Debug|Any CPU.Build.0 = Debug|Any CPU
		{21480F70-6F61-4AA2-9D2D-3AF38633B4DB}.Release|Any CPU.ActiveCfg = Release|Any CPU
		{21480F70-6F61-4AA2-9D2D-3AF38633B4DB}.Release|Any CPU.Build.0 = Release|Any CPU
	EndGlobalSection
	GlobalSection(SolutionProperties) = preSolution
		HideSolutionNode = FALSE
	EndGlobalSection
	GlobalSection(ExtensibilityGlobals) = postSolution
		SolutionGuid = {29EB5345-A414-47C9-BDA6-6B5B72BD6C9C}
	EndGlobalSection
EndGlobal
