
Microsoft Visual Studio Solution File, Format Version 12.00
# Visual Studio Version 16
VisualStudioVersion = 16.0.31727.386
MinimumVisualStudioVersion = 10.0.40219.1
Project("{FAE04EC0-301F-11D3-BF4B-00C04F79EFBC}") = "RandomNoAndColor", "RandomNoAndColor\RandomNoAndColor.csproj", "{0E0E0FE8-7208-4D6B-85C6-408F5D00E0E9}"
EndProject
Global
	GlobalSection(SolutionConfigurationPlatforms) = preSolution
		Debug|Any CPU = Debug|Any CPU
		Release|Any CPU = Release|Any CPU
	EndGlobalSection
	GlobalSection(ProjectConfigurationPlatforms) = postSolution
		{0E0E0FE8-7208-4D6B-85C6-408F5D00E0E9}.Debug|Any CPU.ActiveCfg = Debug|Any CPU
		{0E0E0FE8-7208-4D6B-85C6-408F5D00E0E9}.Debug|Any CPU.Build.0 = Debug|Any CPU
		{0E0E0FE8-7208-4D6B-85C6-408F5D00E0E9}.Release|Any CPU.ActiveCfg = Release|Any CPU
		{0E0E0FE8-7208-4D6B-85C6-408F5D00E0E9}.Release|Any CPU.Build.0 = Release|Any CPU
	EndGlobalSection
	GlobalSection(SolutionProperties) = preSolution
		HideSolutionNode = FALSE
	EndGlobalSection
	GlobalSection(ExtensibilityGlobals) = postSolution
		SolutionGuid = {871919D0-A5B1-4F07-8F49-1205E3E2828A}
	EndGlobalSection
EndGlobal
