
Microsoft Visual Studio Solution File, Format Version 12.00
# Visual Studio Version 16
VisualStudioVersion = 16.0.31702.278
MinimumVisualStudioVersion = 10.0.40219.1
Project("{FAE04EC0-301F-11D3-BF4B-00C04F79EFBC}") = "ConsoleApp1", "ConsoleApp1\ConsoleApp1.csproj", "{D9E37310-9362-4E4E-B69C-8402219FFFF4}"
EndProject
Global
	GlobalSection(SolutionConfigurationPlatforms) = preSolution
		Debug|Any CPU = Debug|Any CPU
		Release|Any CPU = Release|Any CPU
	EndGlobalSection
	GlobalSection(ProjectConfigurationPlatforms) = postSolution
		{D9E37310-9362-4E4E-B69C-8402219FFFF4}.Debug|Any CPU.ActiveCfg = Debug|Any CPU
		{D9E37310-9362-4E4E-B69C-8402219FFFF4}.Debug|Any CPU.Build.0 = Debug|Any CPU
		{D9E37310-9362-4E4E-B69C-8402219FFFF4}.Release|Any CPU.ActiveCfg = Release|Any CPU
		{D9E37310-9362-4E4E-B69C-8402219FFFF4}.Release|Any CPU.Build.0 = Release|Any CPU
	EndGlobalSection
	GlobalSection(SolutionProperties) = preSolution
		HideSolutionNode = FALSE
	EndGlobalSection
	GlobalSection(ExtensibilityGlobals) = postSolution
		SolutionGuid = {70875F9E-CAA7-42FC-8CAA-6ECCC4CC58AA}
	EndGlobalSection
EndGlobal
