
Microsoft Visual Studio Solution File, Format Version 12.00
# Visual Studio Version 16
VisualStudioVersion = 16.0.31702.278
MinimumVisualStudioVersion = 10.0.40219.1
Project("{FAE04EC0-301F-11D3-BF4B-00C04F79EFBC}") = "Linq1", "Linq1\Linq1.csproj", "{060BC086-89A7-4F2B-9AC1-ED292967CA87}"
EndProject
Global
	GlobalSection(SolutionConfigurationPlatforms) = preSolution
		Debug|Any CPU = Debug|Any CPU
		Release|Any CPU = Release|Any CPU
	EndGlobalSection
	GlobalSection(ProjectConfigurationPlatforms) = postSolution
		{060BC086-89A7-4F2B-9AC1-ED292967CA87}.Debug|Any CPU.ActiveCfg = Debug|Any CPU
		{060BC086-89A7-4F2B-9AC1-ED292967CA87}.Debug|Any CPU.Build.0 = Debug|Any CPU
		{060BC086-89A7-4F2B-9AC1-ED292967CA87}.Release|Any CPU.ActiveCfg = Release|Any CPU
		{060BC086-89A7-4F2B-9AC1-ED292967CA87}.Release|Any CPU.Build.0 = Release|Any CPU
	EndGlobalSection
	GlobalSection(SolutionProperties) = preSolution
		HideSolutionNode = FALSE
	EndGlobalSection
	GlobalSection(ExtensibilityGlobals) = postSolution
		SolutionGuid = {519E1CA0-9C65-4BBB-B259-AF7E45B54D36}
	EndGlobalSection
EndGlobal
