
Microsoft Visual Studio Solution File, Format Version 12.00
# Visual Studio Version 16
VisualStudioVersion = 16.0.31727.386
MinimumVisualStudioVersion = 10.0.40219.1
Project("{FAE04EC0-301F-11D3-BF4B-00C04F79EFBC}") = "PredictDice", "PredictDice\PredictDice.csproj", "{B5A23C89-B9C9-4E2C-BA97-1CB2DB138446}"
EndProject
Global
	GlobalSection(SolutionConfigurationPlatforms) = preSolution
		Debug|Any CPU = Debug|Any CPU
		Release|Any CPU = Release|Any CPU
	EndGlobalSection
	GlobalSection(ProjectConfigurationPlatforms) = postSolution
		{B5A23C89-B9C9-4E2C-BA97-1CB2DB138446}.Debug|Any CPU.ActiveCfg = Debug|Any CPU
		{B5A23C89-B9C9-4E2C-BA97-1CB2DB138446}.Debug|Any CPU.Build.0 = Debug|Any CPU
		{B5A23C89-B9C9-4E2C-BA97-1CB2DB138446}.Release|Any CPU.ActiveCfg = Release|Any CPU
		{B5A23C89-B9C9-4E2C-BA97-1CB2DB138446}.Release|Any CPU.Build.0 = Release|Any CPU
	EndGlobalSection
	GlobalSection(SolutionProperties) = preSolution
		HideSolutionNode = FALSE
	EndGlobalSection
	GlobalSection(ExtensibilityGlobals) = postSolution
		SolutionGuid = {43CB2108-ECB1-419F-A9AA-A1AB7FBD1A2B}
	EndGlobalSection
EndGlobal
