
Microsoft Visual Studio Solution File, Format Version 12.00
# Visual Studio Version 17
VisualStudioVersion = 17.0.31912.275
MinimumVisualStudioVersion = 10.0.40219.1
Project("{FAE04EC0-301F-11D3-BF4B-00C04F79EFBC}") = "ConsoleApp5", "ConsoleApp5\ConsoleApp5.csproj", "{CC226089-3BDE-48C5-A44A-EB400CC186A6}"
EndProject
Global
	GlobalSection(SolutionConfigurationPlatforms) = preSolution
		Debug|Any CPU = Debug|Any CPU
		Release|Any CPU = Release|Any CPU
	EndGlobalSection
	GlobalSection(ProjectConfigurationPlatforms) = postSolution
		{CC226089-3BDE-48C5-A44A-EB400CC186A6}.Debug|Any CPU.ActiveCfg = Debug|Any CPU
		{CC226089-3BDE-48C5-A44A-EB400CC186A6}.Debug|Any CPU.Build.0 = Debug|Any CPU
		{CC226089-3BDE-48C5-A44A-EB400CC186A6}.Release|Any CPU.ActiveCfg = Release|Any CPU
		{CC226089-3BDE-48C5-A44A-EB400CC186A6}.Release|Any CPU.Build.0 = Release|Any CPU
	EndGlobalSection
	GlobalSection(SolutionProperties) = preSolution
		HideSolutionNode = FALSE
	EndGlobalSection
	GlobalSection(ExtensibilityGlobals) = postSolution
		SolutionGuid = {C3994528-CE0A-4C57-BAC2-86F2CCB40D5A}
	EndGlobalSection
EndGlobal
