
Microsoft Visual Studio Solution File, Format Version 12.00
# Visual Studio Version 16
VisualStudioVersion = 16.0.31727.386
MinimumVisualStudioVersion = 10.0.40219.1
Project("{FAE04EC0-301F-11D3-BF4B-00C04F79EFBC}") = "ThreadAndSemaphoreByMsh", "ThreadAndSemaphoreByMsh\ThreadAndSemaphoreByMsh.csproj", "{9170C25C-7E73-4BE0-A0D0-3D0D2A20DCA5}"
EndProject
Global
	GlobalSection(SolutionConfigurationPlatforms) = preSolution
		Debug|Any CPU = Debug|Any CPU
		Release|Any CPU = Release|Any CPU
	EndGlobalSection
	GlobalSection(ProjectConfigurationPlatforms) = postSolution
		{9170C25C-7E73-4BE0-A0D0-3D0D2A20DCA5}.Debug|Any CPU.ActiveCfg = Debug|Any CPU
		{9170C25C-7E73-4BE0-A0D0-3D0D2A20DCA5}.Debug|Any CPU.Build.0 = Debug|Any CPU
		{9170C25C-7E73-4BE0-A0D0-3D0D2A20DCA5}.Release|Any CPU.ActiveCfg = Release|Any CPU
		{9170C25C-7E73-4BE0-A0D0-3D0D2A20DCA5}.Release|Any CPU.Build.0 = Release|Any CPU
	EndGlobalSection
	GlobalSection(SolutionProperties) = preSolution
		HideSolutionNode = FALSE
	EndGlobalSection
	GlobalSection(ExtensibilityGlobals) = postSolution
		SolutionGuid = {C68D2C9A-24EF-4E3C-BBCA-40028C7FEBA5}
	EndGlobalSection
EndGlobal
