
Microsoft Visual Studio Solution File, Format Version 12.00
# Visual Studio Version 16
VisualStudioVersion = 16.0.31729.503
MinimumVisualStudioVersion = 10.0.40219.1
Project("{FAE04EC0-301F-11D3-BF4B-00C04F79EFBC}") = "Registration", "Registration\Registration.csproj", "{128D0636-D837-4E90-B927-FEF12DDB93F7}"
EndProject
Global
	GlobalSection(SolutionConfigurationPlatforms) = preSolution
		Debug|Any CPU = Debug|Any CPU
		Release|Any CPU = Release|Any CPU
	EndGlobalSection
	GlobalSection(ProjectConfigurationPlatforms) = postSolution
		{128D0636-D837-4E90-B927-FEF12DDB93F7}.Debug|Any CPU.ActiveCfg = Debug|Any CPU
		{128D0636-D837-4E90-B927-FEF12DDB93F7}.Debug|Any CPU.Build.0 = Debug|Any CPU
		{128D0636-D837-4E90-B927-FEF12DDB93F7}.Release|Any CPU.ActiveCfg = Release|Any CPU
		{128D0636-D837-4E90-B927-FEF12DDB93F7}.Release|Any CPU.Build.0 = Release|Any CPU
	EndGlobalSection
	GlobalSection(SolutionProperties) = preSolution
		HideSolutionNode = FALSE
	EndGlobalSection
	GlobalSection(ExtensibilityGlobals) = postSolution
		SolutionGuid = {B177F591-A8D6-45B6-AFD7-6FBADEC0174E}
	EndGlobalSection
EndGlobal
